{
  "name": "socketredisserver",
  "version": "1.0.0",
  "lockfileVersion": 3,
  "requires": true,
  "packages": {
    "": {
      "name": "socketredisserver",
      "version": "1.0.0",
      "license": "ISC",
      "dependencies": {
        "dotenv": "^16.5.0",
        "ioredis": "^5.6.1",
        "redis": "^5.0.1",
        "reflect-metadata": "^0.2.2",
        "request-ip": "^3.3.0",
        "uuid": "^11.1.0"
      },
      "devDependencies": {
        "@types/request-ip": "^0.0.41",
        "typescript": "^5.8.3"
      }
    },
    "node_modules/@ioredis/commands": {
      "version": "1.2.0",
      "resolved": "https://registry.npmjs.org/@ioredis/commands/-/commands-1.2.0.tgz",
      "integrity": "sha512-Sx1pU8EM64o2BrqNpEO1CNLtKQwyhuXuqyfH7oGKCk+1a33d2r5saW8zNwm3j6BTExtjrv2BxTgzzkMwts6vGg==",
      "license": "MIT"
    },
    "node_modules/@redis/bloom": {
      "version": "5.0.1",
      "resolved": "https://registry.npmjs.org/@redis/bloom/-/bloom-5.0.1.tgz",
      "integrity": "sha512-F7L+rnuJvq/upKaVoEgsf8VT7g5pLQYWRqSUOV3uO4vpVtARzSKJ7CLyJjVsQS+wZVCGxsLMh8DwAIDcny1B+g==",
      "license": "MIT",
      "engines": {
        "node": ">= 18"
      },
      "peerDependencies": {
        "@redis/client": "^5.0.1"
      }
    },
    "node_modules/@redis/client": {
      "version": "5.0.1",
      "resolved": "https://registry.npmjs.org/@redis/client/-/client-5.0.1.tgz",
      "integrity": "sha512-k0EJvlMGEyBqUD3orKe0UMZ66fPtfwqPIr+ZSd853sXj2EyhNtPXSx+J6sENXJNgAlEBhvD+57Dwt0qTisKB0A==",
      "license": "MIT",
      "dependencies": {
        "cluster-key-slot": "1.1.2"
      },
      "engines": {
        "node": ">= 18"
      }
    },
    "node_modules/@redis/json": {
      "version": "5.0.1",
      "resolved": "https://registry.npmjs.org/@redis/json/-/json-5.0.1.tgz",
      "integrity": "sha512-t94HOTk5myfhvaHZzlUzk2hoUvH2jsjftcnMgJWuHL/pzjAJQoZDCUJzjkoXIUjWXuyJixTguaaDyOZWwqH2Kg==",
      "license": "MIT",
      "engines": {
        "node": ">= 18"
      },
      "peerDependencies": {
        "@redis/client": "^5.0.1"
      }
    },
    "node_modules/@redis/search": {
      "version": "5.0.1",
      "resolved": "https://registry.npmjs.org/@redis/search/-/search-5.0.1.tgz",
      "integrity": "sha512-wipK6ZptY7K68B7YLVhP5I/wYCDUU+mDJMyJiUcQLuOs7/eKOBc8lTXKUSssor8QnzZSPy4A5ulcC5PZY22Zgw==",
      "license": "MIT",
      "engines": {
        "node": ">= 18"
      },
      "peerDependencies": {
        "@redis/client": "^5.0.1"
      }
    },
    "node_modules/@redis/time-series": {
      "version": "5.0.1",
      "resolved": "https://registry.npmjs.org/@redis/time-series/-/time-series-5.0.1.tgz",
      "integrity": "sha512-k6PgbrakhnohsEWEAdQZYt3e5vSKoIzpKvgQt8//lnWLrTZx+c3ed2sj0+pKIF4FvnSeuXLo4bBWcH0Z7Urg1A==",
      "license": "MIT",
      "engines": {
        "node": ">= 18"
      },
      "peerDependencies": {
        "@redis/client": "^5.0.1"
      }
    },
    "node_modules/@types/node": {
      "version": "22.15.16",
      "resolved": "https://registry.npmjs.org/@types/node/-/node-22.15.16.tgz",
      "integrity": "sha512-3pr+KjwpVujqWqOKT8mNR+rd09FqhBLwg+5L/4t0cNYBzm/yEiYGCxWttjaPBsLtAo+WFNoXzGJfolM1JuRXoA==",
      "dev": true,
      "license": "MIT",
      "dependencies": {
        "undici-types": "~6.21.0"
      }
    },
    "node_modules/@types/request-ip": {
      "version": "0.0.41",
      "resolved": "https://registry.npmjs.org/@types/request-ip/-/request-ip-0.0.41.tgz",
      "integrity": "sha512-Qzz0PM2nSZej4lsLzzNfADIORZhhxO7PED0fXpg4FjXiHuJ/lMyUg+YFF5q8x9HPZH3Gl6N+NOM8QZjItNgGKg==",
      "dev": true,
      "license": "MIT",
      "dependencies": {
        "@types/node": "*"
      }
    },
    "node_modules/cluster-key-slot": {
      "version": "1.1.2",
      "resolved": "https://registry.npmjs.org/cluster-key-slot/-/cluster-key-slot-1.1.2.tgz",
      "integrity": "sha512-RMr0FhtfXemyinomL4hrWcYJxmX6deFdCxpJzhDttxgO1+bcCnkk+9drydLVDmAMG7NE6aN/fl4F7ucU/90gAA==",
      "license": "Apache-2.0",
      "engines": {
        "node": ">=0.10.0"
      }
    },
    "node_modules/debug": {
      "version": "4.4.0",
      "resolved": "https://registry.npmjs.org/debug/-/debug-4.4.0.tgz",
      "integrity": "sha512-6WTZ/IxCY/T6BALoZHaE4ctp9xm+Z5kY/pzYaCHRFeyVhojxlrm+46y68HA6hr0TcwEssoxNiDEUJQjfPZ/RYA==",
      "license": "MIT",
      "dependencies": {
        "ms": "^2.1.3"
      },
      "engines": {
        "node": ">=6.0"
      },
      "peerDependenciesMeta": {
        "supports-color": {
          "optional": true
        }
      }
    },
    "node_modules/denque": {
      "version": "2.1.0",
      "resolved": "https://registry.npmjs.org/denque/-/denque-2.1.0.tgz",
      "integrity": "sha512-HVQE3AAb/pxF8fQAoiqpvg9i3evqug3hoiwakOyZAwJm+6vZehbkYXZ0l4JxS+I3QxM97v5aaRNhj8v5oBhekw==",
      "license": "Apache-2.0",
      "engines": {
        "node": ">=0.10"
      }
    },
    "node_modules/dotenv": {
      "version": "16.5.0",
      "resolved": "https://registry.npmjs.org/dotenv/-/dotenv-16.5.0.tgz",
      "integrity": "sha512-m/C+AwOAr9/W1UOIZUo232ejMNnJAJtYQjUbHoNTBNTJSvqzzDh7vnrei3o3r3m9blf6ZoDkvcw0VmozNRFJxg==",
      "license": "BSD-2-Clause",
      "engines": {
        "node": ">=12"
      },
      "funding": {
        "url": "https://dotenvx.com"
      }
    },
    "node_modules/ioredis": {
      "version": "5.6.1",
      "resolved": "https://registry.npmjs.org/ioredis/-/ioredis-5.6.1.tgz",
      "integrity": "sha512-UxC0Yv1Y4WRJiGQxQkP0hfdL0/5/6YvdfOOClRgJ0qppSarkhneSa6UvkMkms0AkdGimSH3Ikqm+6mkMmX7vGA==",
      "license": "MIT",
      "dependencies": {
        "@ioredis/commands": "^1.1.1",
        "cluster-key-slot": "^1.1.0",
        "debug": "^4.3.4",
        "denque": "^2.1.0",
        "lodash.defaults": "^4.2.0",
        "lodash.isarguments": "^3.1.0",
        "redis-errors": "^1.2.0",
        "redis-parser": "^3.0.0",
        "standard-as-callback": "^2.1.0"
      },
      "engines": {
        "node": ">=12.22.0"
      },
      "funding": {
        "type": "opencollective",
        "url": "https://opencollective.com/ioredis"
      }
    },
    "node_modules/lodash.defaults": {
      "version": "4.2.0",
      "resolved": "https://registry.npmjs.org/lodash.defaults/-/lodash.defaults-4.2.0.tgz",
      "integrity": "sha512-qjxPLHd3r5DnsdGacqOMU6pb/avJzdh9tFX2ymgoZE27BmjXrNy/y4LoaiTeAb+O3gL8AfpJGtqfX/ae2leYYQ==",
      "license": "MIT"
    },
    "node_modules/lodash.isarguments": {
      "version": "3.1.0",
      "resolved": "https://registry.npmjs.org/lodash.isarguments/-/lodash.isarguments-3.1.0.tgz",
      "integrity": "sha512-chi4NHZlZqZD18a0imDHnZPrDeBbTtVN7GXMwuGdRH9qotxAjYs3aVLKc7zNOG9eddR5Ksd8rvFEBc9SsggPpg==",
      "license": "MIT"
    },
    "node_modules/ms": {
      "version": "2.1.3",
      "resolved": "https://registry.npmjs.org/ms/-/ms-2.1.3.tgz",
      "integrity": "sha512-6FlzubTLZG3J2a/NVCAleEhjzq5oxgHyaCU9yYXvcLsvoVaHJq/s5xXI6/XXP6tz7R9xAOtHnSO/tXtF3WRTlA==",
      "license": "MIT"
    },
    "node_modules/redis": {
      "version": "5.0.1",
      "resolved": "https://registry.npmjs.org/redis/-/redis-5.0.1.tgz",
      "integrity": "sha512-J8nqUjrfSq0E8NQkcHDZ4HdEQk5RMYjP3jZq02PE+ERiRxolbDNxPaTT4xh6tdrme+lJ86Goje9yMt9uzh23hQ==",
      "license": "MIT",
      "dependencies": {
        "@redis/bloom": "5.0.1",
        "@redis/client": "5.0.1",
        "@redis/json": "5.0.1",
        "@redis/search": "5.0.1",
        "@redis/time-series": "5.0.1"
      },
      "engines": {
        "node": ">= 18"
      }
    },
    "node_modules/redis-errors": {
      "version": "1.2.0",
      "resolved": "https://registry.npmjs.org/redis-errors/-/redis-errors-1.2.0.tgz",
      "integrity": "sha512-1qny3OExCf0UvUV/5wpYKf2YwPcOqXzkwKKSmKHiE6ZMQs5heeE/c8eXK+PNllPvmjgAbfnsbpkGZWy8cBpn9w==",
      "license": "MIT",
      "engines": {
        "node": ">=4"
      }
    },
    "node_modules/redis-parser": {
      "version": "3.0.0",
      "resolved": "https://registry.npmjs.org/redis-parser/-/redis-parser-3.0.0.tgz",
      "integrity": "sha512-DJnGAeenTdpMEH6uAJRK/uiyEIH9WVsUmoLwzudwGJUwZPp80PDBWPHXSAGNPwNvIXAbe7MSUB1zQFugFml66A==",
      "license": "MIT",
      "dependencies": {
        "redis-errors": "^1.0.0"
      },
      "engines": {
        "node": ">=4"
      }
    },
    "node_modules/reflect-metadata": {
      "version": "0.2.2",
      "resolved": "https://registry.npmjs.org/reflect-metadata/-/reflect-metadata-0.2.2.tgz",
      "integrity": "sha512-urBwgfrvVP/eAyXx4hluJivBKzuEbSQs9rKWCrCkbSxNv8mxPcUZKeuoF3Uy4mJl3Lwprp6yy5/39VWigZ4K6Q==",
      "license": "Apache-2.0"
    },
    "node_modules/request-ip": {
      "version": "3.3.0",
      "resolved": "https://registry.npmjs.org/request-ip/-/request-ip-3.3.0.tgz",
      "integrity": "sha512-cA6Xh6e0fDBBBwH77SLJaJPBmD3nWVAcF9/XAcsrIHdjhFzFiB5aNQFytdjCGPezU3ROwrR11IddKAM08vohxA==",
      "license": "MIT"
    },
    "node_modules/standard-as-callback": {
      "version": "2.1.0",
      "resolved": "https://registry.npmjs.org/standard-as-callback/-/standard-as-callback-2.1.0.tgz",
      "integrity": "sha512-qoRRSyROncaz1z0mvYqIE4lCd9p2R90i6GxW3uZv5ucSu8tU7B5HXUP1gG8pVZsYNVaXjk8ClXHPttLyxAL48A==",
      "license": "MIT"
    },
    "node_modules/typescript": {
      "version": "5.8.3",
      "resolved": "https://registry.npmjs.org/typescript/-/typescript-5.8.3.tgz",
      "integrity": "sha512-p1diW6TqL9L07nNxvRMM7hMMw4c5XOo/1ibL4aAIGmSAt9slTE1Xgw5KWuof2uTOvCg9BY7ZRi+GaF+7sfgPeQ==",
      "dev": true,
      "license": "Apache-2.0",
      "bin": {
        "tsc": "bin/tsc",
        "tsserver": "bin/tsserver"
      },
      "engines": {
        "node": ">=14.17"
      }
    },
    "node_modules/undici-types": {
      "version": "6.21.0",
      "resolved": "https://registry.npmjs.org/undici-types/-/undici-types-6.21.0.tgz",
      "integrity": "sha512-iwDZqg0QAGrg9Rav5H4n0M64c3mkR59cJ6wQp+7C4nI0gsmExaedaYLNO44eT4AtBBwjbTiGPMlt2Md0T9H9JQ==",
      "dev": true,
      "license": "MIT"
    },
    "node_modules/uuid": {
      "version": "11.1.0",
      "resolved": "https://registry.npmjs.org/uuid/-/uuid-11.1.0.tgz",
      "integrity": "sha512-0/A9rDy9P7cJ+8w1c9WD9V//9Wj15Ce2MPz8Ri6032usz+NfePxx5AcN3bN+r6ZL6jEo066/yNYB3tn4pQEx+A==",
      "funding": [
        "https://github.com/sponsors/broofa",
        "https://github.com/sponsors/ctavan"
      ],
      "license": "MIT",
      "bin": {
        "uuid": "dist/esm/bin/uuid"
      }
    }
  }
}
